{
  "lockfileVersion": 1,
  "workspaces": {
    "": {
      "name": "ai-ops-agent",
      "dependencies": {
        "shell-quote": "^1.9.0",
      },
      "devDependencies": {
        "@types/node": "^25.5.0",
      },
    },
  },
  "packages": {
    "@types/node": ["@types/node@25.5.0", "https://registry.npmmirror.com/@types/node/-/node-25.5.0.tgz", { "dependencies": { "undici-types": "~7.18.0" } }, "sha512-jp2P3tQMSxWugkCUKLRPVUpGaL5MVFwF8RDuSRztfwgN1wmqJeMSbKlnEtQqU8UrhTmzEmZdu2I6v2dpp7XIxw=="],

    "shell-quote": ["shell-quote@1.9.0", "https://registry.npmmirror.com/shell-quote/-/shell-quote-1.9.0.tgz", {}, "sha512-Iov+JwFv/2HcTpcwNMKd8+IWNb8tboQJNQTkAY/LLVK7gGH9jy+LGkVqPxfekHl+yMmiqXszdGWXgkfml7hjqA=="],

    "undici-types": ["undici-types@7.18.2", "https://registry.npmmirror.com/undici-types/-/undici-types-7.18.2.tgz", {}, "sha512-AsuCzffGHJybSaRrmr5eHr81mwJU3kjw6M+uprWvCXiNeN9SOGwQ3Jn8jb8m3Z6izVgknn1R0FTCEAP2QrLY/w=="],
  }
}
